---
lockfileVersion: '9.0'

importers:

  .:
    configDependencies: {}
    packageManagerDependencies:
      '@pnpm/exe':
        specifier: ^11.21.0
        version: 11.21.0
      pnpm:
        specifier: ^11.21.0
        version: 11.21.0

packages:

  '@pnpm/exe@11.21.0':
    resolution: {integrity: sha512-zawQxIewH1od72HhlmXWq3No6XyuWn+nMvQ9BjWWGNBVskmS+RDlTu7ey2ruL650PbbyuCATYSal1DaXFKBdcw==}
    hasBin: true

  '@pnpm/linux-arm64@11.21.0':
    resolution: {integrity: sha512-gOSfQKr6kZjEwHyoRwMt9qrqQ9sqbZmUm2hbgJJG8bp0ZR9YkQ4BZV2k4qlQA2jtsmHV1u1MwiaLcuK7DauvBg==}
    cpu: [arm64]
    os: [linux]

  '@pnpm/linux-x64@11.21.0':
    resolution: {integrity: sha512-X+kBR8yscKyhhElO+WLrb6sFbl/3Ow70B+6fqZUYI8T8wtmlCw5GtcPXVBJPDJcLN5joe227h7lyCCZo4tdKdw==}
    cpu: [x64]
    os: [linux]

  '@pnpm/linuxstatic-arm64@11.21.0':
    resolution: {integrity: sha512-IUJfAclH0b3QxaHuQuVxXQIzEkDtTm0C+G3tgG0ET5tDRGc7wH7eU0GEM75ojHOwzqv7s0y00xPVVCIsxUM4Nw==}
    cpu: [arm64]
    os: [linux]
    libc: [musl]

  '@pnpm/linuxstatic-x64@11.21.0':
    resolution: {integrity: sha512-6Y2u+AfOUuTqWgTCpFhySL8HAcONDucCFixKle9tWoW7bm8RF0+fwQBRWNWGdx+Toau07wZ1LNZPqN8gpgeBDQ==}
    cpu: [x64]
    os: [linux]
    libc: [musl]

  '@pnpm/macos-arm64@11.21.0':
    resolution: {integrity: sha512-sLMGvVJXWdhFAouY2icjeZ2VCFmyPPZvvtHkfj1oeCWGppsbWcP5cExSw9yU1Uw7ALwrV0I2lRZv33yWYfDtcQ==}
    cpu: [arm64]
    os: [darwin]

  '@pnpm/win-arm64@11.21.0':
    resolution: {integrity: sha512-79Nc+YI5B2ddH5MQD2YITL/PKnmXdcQKwmwx0HaD4QnsCco8DFaTho242e5sd9QfXKxYRvB9AOnuqIV4VjhAAw==}
    cpu: [arm64]
    os: [win32]

  '@pnpm/win-x64@11.21.0':
    resolution: {integrity: sha512-zT3TufmVOroWPrzXTPPPgYvIsTZIsK13kjpmgXlICyEFrhd16RFLoTWFhP+8UqHXpTNmVbtTHzg+fEVYy9rlEQ==}
    cpu: [x64]
    os: [win32]

  '@reflink/reflink-darwin-arm64@0.1.19':
    resolution: {integrity: sha512-ruy44Lpepdk1FqDz38vExBY/PVUsjxZA+chd9wozjUH9JjuDT/HEaQYA6wYN9mf041l0yLVar6BCZuWABJvHSA==}
    engines: {node: '>= 10'}
    cpu: [arm64]
    os: [darwin]

  '@reflink/reflink-darwin-x64@0.1.19':
    resolution: {integrity: sha512-By85MSWrMZa+c26TcnAy8SDk0sTUkYlNnwknSchkhHpGXOtjNDUOxJE9oByBnGbeuIE1PiQsxDG3Ud+IVV9yuA==}
    engines: {node: '>= 10'}
    cpu: [x64]
    os: [darwin]

  '@reflink/reflink-linux-arm64-gnu@0.1.19':
    resolution: {integrity: sha512-7P+er8+rP9iNeN+bfmccM4hTAaLP6PQJPKWSA4iSk2bNvo6KU6RyPgYeHxXmzNKzPVRcypZQTpFgstHam6maVg==}
    engines: {node: '>= 10'}
    cpu: [arm64]
    os: [linux]
    libc: [glibc]

  '@reflink/reflink-linux-arm64-musl@0.1.19':
    resolution: {integrity: sha512-37iO/Dp6m5DDaC2sf3zPtx/hl9FV3Xze4xoYidrxxS9bgP3S8ALroxRK6xBG/1TtfXKTvolvp+IjrUU6ujIGmA==}
    engines: {node: '>= 10'}
    cpu: [arm64]
    os: [linux]
    libc: [musl]

  '@reflink/reflink-linux-x64-gnu@0.1.19':
    resolution: {integrity: sha512-jbI8jvuYCaA3MVUdu8vLoLAFqC+iNMpiSuLbxlAgg7x3K5bsS8nOpTRnkLF7vISJ+rVR8W+7ThXlXlUQ93ulkw==}
    engines: {node: '>= 10'}
    cpu: [x64]
    os: [linux]
    libc: [glibc]

  '@reflink/reflink-linux-x64-musl@0.1.19':
    resolution: {integrity: sha512-e9FBWDe+lv7QKAwtKOt6A2W/fyy/aEEfr0g6j/hWzvQcrzHCsz07BNQYlNOjTfeytrtLU7k449H1PI95jA4OjQ==}
    engines: {node: '>= 10'}
    cpu: [x64]
    os: [linux]
    libc: [musl]

  '@reflink/reflink-win32-arm64-msvc@0.1.19':
    resolution: {integrity: sha512-09PxnVIQcd+UOn4WAW73WU6PXL7DwGS6wPlkMhMg2zlHHG65F3vHepOw06HFCq+N42qkaNAc8AKIabWvtk6cIQ==}
    engines: {node: '>= 10'}
    cpu: [arm64]
    os: [win32]

  '@reflink/reflink-win32-x64-msvc@0.1.19':
    resolution: {integrity: sha512-E//yT4ni2SyhwP8JRjVGWr3cbnhWDiPLgnQ66qqaanjjnMiu3O/2tjCPQXlcGc/DEYofpDc9fvhv6tALQsMV9w==}
    engines: {node: '>= 10'}
    cpu: [x64]
    os: [win32]

  '@reflink/reflink@0.1.19':
    resolution: {integrity: sha512-DmCG8GzysnCZ15bres3N5AHCmwBwYgp0As6xjhQ47rAUTUXxJiK+lLUxaGsX3hd/30qUpVElh05PbGuxRPgJwA==}
    engines: {node: '>= 10'}

  detect-libc@2.1.2:
    resolution: {integrity: sha512-Btj2BOOO83o3WyH59e8MgXsxEQVcarkUOpEYrubB0urwnN10yQ364rsiByU11nZlqWYZm05i/of7io4mzihBtQ==}
    engines: {node: '>=8'}

  pnpm@11.21.0:
    resolution: {integrity: sha512-UhcFvOaJkk6scvWjWHEi82JonvZXHlW6gAdv1jfBETLs/62ib61Op5xIW/3b/T1aKlsFgFp36JPeceyKbMo7sQ==}
    engines: {node: '>=22.13'}
    hasBin: true

snapshots:

  '@pnpm/exe@11.21.0':
    dependencies:
      '@reflink/reflink': 0.1.19
      detect-libc: 2.1.2
    optionalDependencies:
      '@pnpm/linux-arm64': 11.21.0
      '@pnpm/linux-x64': 11.21.0
      '@pnpm/linuxstatic-arm64': 11.21.0
      '@pnpm/linuxstatic-x64': 11.21.0
      '@pnpm/macos-arm64': 11.21.0
      '@pnpm/win-arm64': 11.21.0
      '@pnpm/win-x64': 11.21.0

  '@pnpm/linux-arm64@11.21.0':
    optional: true

  '@pnpm/linux-x64@11.21.0':
    optional: true

  '@pnpm/linuxstatic-arm64@11.21.0':
    optional: true

  '@pnpm/linuxstatic-x64@11.21.0':
    optional: true

  '@pnpm/macos-arm64@11.21.0':
    optional: true

  '@pnpm/win-arm64@11.21.0':
    optional: true

  '@pnpm/win-x64@11.21.0':
    optional: true

  '@reflink/reflink-darwin-arm64@0.1.19':
    optional: true

  '@reflink/reflink-darwin-x64@0.1.19':
    optional: true

  '@reflink/reflink-linux-arm64-gnu@0.1.19':
    optional: true

  '@reflink/reflink-linux-arm64-musl@0.1.19':
    optional: true

  '@reflink/reflink-linux-x64-gnu@0.1.19':
    optional: true

  '@reflink/reflink-linux-x64-musl@0.1.19':
    optional: true

  '@reflink/reflink-win32-arm64-msvc@0.1.19':
    optional: true

  '@reflink/reflink-win32-x64-msvc@0.1.19':
    optional: true

  '@reflink/reflink@0.1.19':
    optionalDependencies:
      '@reflink/reflink-darwin-arm64': 0.1.19
      '@reflink/reflink-darwin-x64': 0.1.19
      '@reflink/reflink-linux-arm64-gnu': 0.1.19
      '@reflink/reflink-linux-arm64-musl': 0.1.19
      '@reflink/reflink-linux-x64-gnu': 0.1.19
      '@reflink/reflink-linux-x64-musl': 0.1.19
      '@reflink/reflink-win32-arm64-msvc': 0.1.19
      '@reflink/reflink-win32-x64-msvc': 0.1.19

  detect-libc@2.1.2: {}

  pnpm@11.21.0: {}

---
lockfileVersion: '9.0'

settings:
  autoInstallPeers: true
  excludeLinksFromLockfile: false

importers:

  .:
    dependencies:
      '@duckdb/node-api':
        specifier: 1.5.5-r.3
        version: 1.5.5-r.3
    devDependencies:
      electron:
        specifier: ^43.3.0
        version: 43.3.0

packages:

  '@duckdb/node-api@1.5.5-r.3':
    resolution: {integrity: sha512-qOwoSj8eBW+mNyAvTOOWjnii6jwrLkQFbEC/TyYGZjYCAQzu1r1X6UWVo+23sgtGGNHxmJLHE0ms5QtlQf2W3Q==}

  '@duckdb/node-bindings-darwin-arm64@1.5.5-r.3':
    resolution: {integrity: sha512-bqnjnI2U/aUOcB25smNRwxF1/47HxHz78a8F9ghTHvEl+CeEMEr1lp+sPmjuS/1EybAYsaWJro6zFLd+O5qNQg==}
    cpu: [arm64]
    os: [darwin]

  '@duckdb/node-bindings-darwin-x64@1.5.5-r.3':
    resolution: {integrity: sha512-8QEA0tuW5EWPg7kQbyWka6kGu+j7wZuvUAkibdJgODtxz4axJGMR5oM13lb6m/HedvsU3ch2lkvhIhwv6aWqsw==}
    cpu: [x64]
    os: [darwin]

  '@duckdb/node-bindings-linux-arm64-musl@1.5.5-r.3':
    resolution: {integrity: sha512-qETa9eqdZQNNn1QFfW+FI91HM5kVm+tN4cfqBPu1FgRTatd0oG8KPOfl6NlpuKhQQM5TcWDxI3P57JPXbzjsEQ==}
    cpu: [arm64]
    os: [linux]
    libc: [musl]

  '@duckdb/node-bindings-linux-arm64@1.5.5-r.3':
    resolution: {integrity: sha512-27y+0xn4ad6mirnu3faZUE2UQhvpPTpi/o9tm9cGxi7QvuvhfD5rvo0D3RnhreHTjiYB4RRB5ZqPMRErqOaTlg==}
    cpu: [arm64]
    os: [linux]
    libc: [glibc]

  '@duckdb/node-bindings-linux-x64-musl@1.5.5-r.3':
    resolution: {integrity: sha512-+9cThIhSC1inv6MVVgL37k4lRk56uo7TK2MLNwn1xe7mDVOh8SsjZbHLd/IZ0cWJn77lX7/6G3Qz3mU5k4O2PA==}
    cpu: [x64]
    os: [linux]
    libc: [musl]

  '@duckdb/node-bindings-linux-x64@1.5.5-r.3':
    resolution: {integrity: sha512-+n/rmU0o3Km5MEBJnjteud8f5JEhcSPxTdcyxNERL6H3pZw1vQX3ysI1axP8Mx0Mw7XrVv9+pC5VH+9ERD3LQg==}
    cpu: [x64]
    os: [linux]
    libc: [glibc]

  '@duckdb/node-bindings-win32-arm64@1.5.5-r.3':
    resolution: {integrity: sha512-/9Ji9xKtzar7MM21DJMZfuizOXjdar+JtOez6o3ue7cKt0AUpjLjqbAjQ0sE/pkqMbByv9TEiVkTi1b3VYm1dw==}
    cpu: [arm64]
    os: [win32]

  '@duckdb/node-bindings-win32-x64@1.5.5-r.3':
    resolution: {integrity: sha512-NTODIfgfKARm86kOgSW5CvFElE3J+3X0Y0+3Y40P3biO4wrg4FBGtNSCaVyKuWe+CBkA5PODjgIo3w07hu5qrQ==}
    cpu: [x64]
    os: [win32]

  '@duckdb/node-bindings@1.5.5-r.3':
    resolution: {integrity: sha512-I5basCuPs0OrNHu2cDLFrIErp6Rr9J7wR5awVbvCmFQdOCpi+v+lmQy6KZ2dH8Z7hsqwmAMHk/QJ0s5cvW0qnw==}

  '@electron-internal/extract-zip@1.0.5':
    resolution: {integrity: sha512-+bqFCP98pLI0Tt0XQo1TmlXtwjWchISndDOxCkEcIuUgXWpBnLyRI+2DU+mesvnMMX6L1XDqYNA0lXNDHd/yiA==}
    engines: {node: '>=22.12.0'}

  '@electron/get@5.1.0':
    resolution: {integrity: sha512-3kSBtG8ObcTVfXanm5vVJ6UnBLEVmVsRk1M+vGqCuMBV+XLCbJYuWQful+yIy0GQDsSlK0kHEriEHn7SPk4EnA==}
    engines: {node: '>=22.12.0'}

  '@types/node@24.13.3':
    resolution: {integrity: sha512-Dh8vAsV36ig5wa9OX4pXvMc9D3Veibfw2wix0CUwYODLD8nkj9UsLjASr49nPg+2eKzxhBV+v7L8pXvT4e639Q==}

  debug@4.4.3:
    resolution: {integrity: sha512-RGwwWnwQvkVfavKVt22FGLw+xYSdzARwm0ru6DhTVA3umU5hZc28V3kO4stgYryrTlLpuvgI9GiijltAjNbcqA==}
    engines: {node: '>=6.0'}
    peerDependencies:
      supports-color: '*'
    peerDependenciesMeta:
      supports-color:
        optional: true

  detect-libc@2.1.2:
    resolution: {integrity: sha512-Btj2BOOO83o3WyH59e8MgXsxEQVcarkUOpEYrubB0urwnN10yQ364rsiByU11nZlqWYZm05i/of7io4mzihBtQ==}
    engines: {node: '>=8'}

  electron@43.3.0:
    resolution: {integrity: sha512-nLlvu0WFjftWsSaTkV2B/c4NDuJBspTyXu8vKSQ6vLvFt8uG3NgN49LLKcXddwX0GqVvAQDhciWp+4xOdTdhew==}
    engines: {node: '>= 22.12.0'}
    hasBin: true

  env-paths@3.0.0:
    resolution: {integrity: sha512-dtJUTepzMW3Lm/NPxRf3wP4642UWhjL2sQxc+ym2YMj1m/H2zDNQOlezafzkHwn6sMstjHTwG6iQQsctDW/b1A==}
    engines: {node: ^12.20.0 || ^14.13.1 || >=16.0.0}

  graceful-fs@4.2.11:
    resolution: {integrity: sha512-RbJ5/jmFcNNCcDV5o9eTnBLJ/HszWV0P73bc+Ff4nS/rJj+YaS6IGyiOL0VoBYX+l1Wrl3k63h/KrH+nhJ0XvQ==}

  ms@2.1.3:
    resolution: {integrity: sha512-6FlzubTLZG3J2a/NVCAleEhjzq5oxgHyaCU9yYXvcLsvoVaHJq/s5xXI6/XXP6tz7R9xAOtHnSO/tXtF3WRTlA==}

  progress@2.0.3:
    resolution: {integrity: sha512-7PiHtLll5LdnKIMw100I+8xJXR5gW2QwWYkT6iJva0bXitZKa/XMrSbdmg3r2Xnaidz9Qumd0VPaMrZlF9V9sA==}
    engines: {node: '>=0.4.0'}

  semver@7.8.5:
    resolution: {integrity: sha512-Y7/KDsb8LjooZpwaqGyulO6DQlksgCncchHGk+sZIY4SBvUocMBEFH5Ur1fI4dV+Jvl0w6cjvucaIi40puRioA==}
    engines: {node: '>=10'}
    hasBin: true

  sumchecker@3.0.1:
    resolution: {integrity: sha512-MvjXzkz/BOfyVDkG0oFOtBxHX2u3gKbMHIF/dXblZsgD3BWOFLmHovIpZY7BykJdAjcqRCBi1WYBNdEC9yI7vg==}
    engines: {node: '>= 8.0'}

  undici-types@7.18.2:
    resolution: {integrity: sha512-AsuCzffGHJybSaRrmr5eHr81mwJU3kjw6M+uprWvCXiNeN9SOGwQ3Jn8jb8m3Z6izVgknn1R0FTCEAP2QrLY/w==}

  undici@7.29.0:
    resolution: {integrity: sha512-IDxfleLmmbSskfWSUATiN1nfn2rDuvnMOqb5CWR92iIfojA0Ud+ulOAAEQ57LPr9rWmsreUyf5lwyao+7GNNVw==}
    engines: {node: '>=20.18.1'}

snapshots:

  '@duckdb/node-api@1.5.5-r.3':
    dependencies:
      '@duckdb/node-bindings': 1.5.5-r.3

  '@duckdb/node-bindings-darwin-arm64@1.5.5-r.3':
    optional: true

  '@duckdb/node-bindings-darwin-x64@1.5.5-r.3':
    optional: true

  '@duckdb/node-bindings-linux-arm64-musl@1.5.5-r.3':
    optional: true

  '@duckdb/node-bindings-linux-arm64@1.5.5-r.3':
    optional: true

  '@duckdb/node-bindings-linux-x64-musl@1.5.5-r.3':
    optional: true

  '@duckdb/node-bindings-linux-x64@1.5.5-r.3':
    optional: true

  '@duckdb/node-bindings-win32-arm64@1.5.5-r.3':
    optional: true

  '@duckdb/node-bindings-win32-x64@1.5.5-r.3':
    optional: true

  '@duckdb/node-bindings@1.5.5-r.3':
    dependencies:
      detect-libc: 2.1.2
    optionalDependencies:
      '@duckdb/node-bindings-darwin-arm64': 1.5.5-r.3
      '@duckdb/node-bindings-darwin-x64': 1.5.5-r.3
      '@duckdb/node-bindings-linux-arm64': 1.5.5-r.3
      '@duckdb/node-bindings-linux-arm64-musl': 1.5.5-r.3
      '@duckdb/node-bindings-linux-x64': 1.5.5-r.3
      '@duckdb/node-bindings-linux-x64-musl': 1.5.5-r.3
      '@duckdb/node-bindings-win32-arm64': 1.5.5-r.3
      '@duckdb/node-bindings-win32-x64': 1.5.5-r.3

  '@electron-internal/extract-zip@1.0.5': {}

  '@electron/get@5.1.0':
    dependencies:
      debug: 4.4.3
      env-paths: 3.0.0
      graceful-fs: 4.2.11
      progress: 2.0.3
      semver: 7.8.5
      sumchecker: 3.0.1
    optionalDependencies:
      undici: 7.29.0
    transitivePeerDependencies:
      - supports-color

  '@types/node@24.13.3':
    dependencies:
      undici-types: 7.18.2

  debug@4.4.3:
    dependencies:
      ms: 2.1.3

  detect-libc@2.1.2: {}

  electron@43.3.0:
    dependencies:
      '@electron-internal/extract-zip': 1.0.5
      '@electron/get': 5.1.0
      '@types/node': 24.13.3
    transitivePeerDependencies:
      - supports-color

  env-paths@3.0.0: {}

  graceful-fs@4.2.11: {}

  ms@2.1.3: {}

  progress@2.0.3: {}

  semver@7.8.5: {}

  sumchecker@3.0.1:
    dependencies:
      debug: 4.4.3
    transitivePeerDependencies:
      - supports-color

  undici-types@7.18.2: {}

  undici@7.29.0:
    optional: true
